
Microsoft Visual Studio Solution File, Format Version 12.00
# Visual Studio Version 16
VisualStudioVersion = 16.0.29509.3
MinimumVisualStudioVersion = 10.0.40219.1
Project("{8BC9CEB8-8B4A-11D0-8D11-00A0C91BC942}") = "8Chip-Emu", "8Chip-Emu\8Chip-Emu.vcxproj", "{57E690D5-302E-4806-82C1-68442AD6A9ED}"
EndProject
Global
	GlobalSection(SolutionConfigurationPlatforms) = preSolution
		Debug|x64 = Debug|x64
		Debug|x86 = Debug|x86
		Release|x64 = Release|x64
		Release|x86 = Release|x86
	EndGlobalSection
	GlobalSection(ProjectConfigurationPlatforms) = postSolution
		{57E690D5-302E-4806-82C1-68442AD6A9ED}.Debug|x64.ActiveCfg = Debug|x64
		{57E690D5-302E-4806-82C1-68442AD6A9ED}.Debug|x64.Build.0 = Debug|x64
		{57E690D5-302E-4806-82C1-68442AD6A9ED}.Debug|x86.ActiveCfg = Debug|Win32
		{57E690D5-302E-4806-82C1-68442AD6A9ED}.Debug|x86.Build.0 = Debug|Win32
		{57E690D5-302E-4806-82C1-68442AD6A9ED}.Release|x64.ActiveCfg = Release|x64
		{57E690D5-302E-4806-82C1-68442AD6A9ED}.Release|x64.Build.0 = Release|x64
		{57E690D5-302E-4806-82C1-68442AD6A9ED}.Release|x86.ActiveCfg = Release|Win32
		{57E690D5-302E-4806-82C1-68442AD6A9ED}.Release|x86.Build.0 = Release|Win32
	EndGlobalSection
	GlobalSection(SolutionProperties) = preSolution
		HideSolutionNode = FALSE
	EndGlobalSection
	GlobalSection(ExtensibilityGlobals) = postSolution
		SolutionGuid = {9B3BD0A5-D285-42F9-A1FB-79AA6CFE36C6}
	EndGlobalSection
EndGlobal
